Microsoft Visual Studio Solution File, Format Version 12.00
# Visual Studio 15
VisualStudioVersion = 15.0.28010.2019
MinimumVisualStudioVersion = 10.0.40219.1
Project("{2150E333-8FDC-42A3-9474-1A3956D46DE8}") = "Pseudocode", "Pseudocode", "{47EA561C-E861-4CF3-9AA2-39EDC5990E3C}"
	ProjectSection(SolutionItems) = preProject
		Pseudocode.cs = Pseudocode.cs
	EndProjectSection
EndProject
Project("{2150E333-8FDC-42A3-9474-1A3956D46DE8}") = "Raptor", "Raptor", "{C788D759-4E4B-4A20-8D82-39912B0EFE9B}"
	ProjectSection(SolutionItems) = preProject
		Task5.rap = Task5.rap
	EndProjectSection
EndProject
Project("{2150E333-8FDC-42A3-9474-1A3956D46DE8}") = "Solution Items", "Solution Items", "{63519FB8-BE72-42D9-83E8-04EBD3D192AB}"
	ProjectSection(SolutionItems) = preProject
		..\README.md = ..\README.md
		task5.cs = task5.cs
	EndProjectSection
EndProject
Project("{9A19103F-16F7-4668-BE54-9A1E7A4F7556}") = "quart", "..\..\..\quart\quart\quart.csproj", "{CF045739-DADB-4340-AB18-A197A2B84CDA}"
EndProject
Global
	GlobalSection(SolutionConfigurationPlatforms) = preSolution
		Debug|Any CPU = Debug|Any CPU
		Release|Any CPU = Release|Any CPU
	EndGlobalSection
	GlobalSection(ProjectConfigurationPlatforms) = postSolution
		{CF045739-DADB-4340-AB18-A197A2B84CDA}.Debug|Any CPU.ActiveCfg = Debug|Any CPU
		{CF045739-DADB-4340-AB18-A197A2B84CDA}.Debug|Any CPU.Build.0 = Debug|Any CPU
		{CF045739-DADB-4340-AB18-A197A2B84CDA}.Release|Any CPU.ActiveCfg = Release|Any CPU
		{CF045739-DADB-4340-AB18-A197A2B84CDA}.Release|Any CPU.Build.0 = Release|Any CPU
	EndGlobalSection
	GlobalSection(SolutionProperties) = preSolution
		HideSolutionNode = FALSE
	EndGlobalSection
	GlobalSection(ExtensibilityGlobals) = postSolution
		SolutionGuid = {E7BD7BA5-97E5-4951-AFC9-1F807969123D}
	EndGlobalSection
EndGlobal
